
Microsoft Visual Studio Solution File, Format Version 12.00
# Visual Studio Version 16
VisualStudioVersion = 16.0.33328.57
MinimumVisualStudioVersion = 10.0.40219.1
Project("{8BC9CEB8-8B4A-11D0-8D11-00A0C91BC942}") = "W_GradeSystem", "temp.vcxproj", "{E368F0A2-E205-4F61-8175-6C98D053221C}"
EndProject
Project("{2150E333-8FDC-42A3-9474-1A3956D46DE8}") = "Test", "Test", "{53B7FB6C-7CB4-4DE5-B237-C6CFBE1F4F54}"
EndProject
Project("{8BC9CEB8-8B4A-11D0-8D11-00A0C91BC942}") = "0619_test", "Test_Code\0619\0619_test\0619_test.vcxproj", "{CBD724FA-3F73-491C-8F24-E082F8E6F7E9}"
EndProject
Project("{8BC9CEB8-8B4A-11D0-8D11-00A0C91BC942}") = "0622_test", "Test_Code\0622_test\0622_test.vcxproj", "{81D56AB6-C1C4-4140-B995-CDEE04F21EE2}"
EndProject
Project("{8BC9CEB8-8B4A-11D0-8D11-00A0C91BC942}") = "0626_test", "Test_Code\0626\0626_test\0626_test.vcxproj", "{40ADF29E-FDD3-4D84-A8EA-85E53D8AFEC5}"
EndProject
Project("{8BC9CEB8-8B4A-11D0-8D11-00A0C91BC942}") = "0710", "Test_Code\0710\0710.vcxproj", "{817C9BC0-C9D8-4578-A1B9-FC17B001CD95}"
EndProject
Project("{8BC9CEB8-8B4A-11D0-8D11-00A0C91BC942}") = "0711", "Test_Code\0711\0711.vcxproj", "{3A1660FF-97E1-4704-8AFC-47FF7BF1BB47}"
EndProject
Project("{8BC9CEB8-8B4A-11D0-8D11-00A0C91BC942}") = "W_Octree", "Work\W_Octree\W_Octree.vcxproj", "{8BF1C946-7294-47F4-ADD1-5C00C9AF5B6A}"
EndProject
Project("{2150E333-8FDC-42A3-9474-1A3956D46DE8}") = "Work", "Work", "{61BEA8A3-A5DB-4209-BB8A-E6D83E74465B}"
EndProject
Project("{8BC9CEB8-8B4A-11D0-8D11-00A0C91BC942}") = "0807", "Test_Code\0807\0807.vcxproj", "{65A573D1-F4F1-4F4E-84A3-B63B571C7CAB}"
EndProject
Project("{8BC9CEB8-8B4A-11D0-8D11-00A0C91BC942}") = "FirstWindow", "Test_Code\FirstWindow\FirstWindow.vcxproj", "{46D16863-BF3C-45E1-8E7D-0B915DFD3A65}"
EndProject
Project("{2150E333-8FDC-42A3-9474-1A3956D46DE8}") = "Lib", "Lib", "{56C900C6-FCC9-4951-A5F4-9F33E265F471}"
EndProject
Project("{8BC9CEB8-8B4A-11D0-8D11-00A0C91BC942}") = "TStudyLib", "LibSolution\TStudyLib\TStudyLib.vcxproj", "{4D65139C-7824-45C7-992D-CADF723E4FF2}"
EndProject
Project("{8BC9CEB8-8B4A-11D0-8D11-00A0C91BC942}") = "Template_Test", "Test_Code\Template_Test\Template_Test.vcxproj", "{7CDD8D22-BF56-42BD-B74A-AA1B2CF8EC7E}"
EndProject
Global
	GlobalSection(SolutionConfigurationPlatforms) = preSolution
		Debug|x64 = Debug|x64
		Debug|x86 = Debug|x86
		Release|x64 = Release|x64
		Release|x86 = Release|x86
	EndGlobalSection
	GlobalSection(ProjectConfigurationPlatforms) = postSolution
		{E368F0A2-E205-4F61-8175-6C98D053221C}.Debug|x64.ActiveCfg = Debug|x64
		{E368F0A2-E205-4F61-8175-6C98D053221C}.Debug|x64.Build.0 = Debug|x64
		{E368F0A2-E205-4F61-8175-6C98D053221C}.Debug|x86.ActiveCfg = Debug|Win32
		{E368F0A2-E205-4F61-8175-6C98D053221C}.Debug|x86.Build.0 = Debug|Win32
		{E368F0A2-E205-4F61-8175-6C98D053221C}.Release|x64.ActiveCfg = Release|x64
		{E368F0A2-E205-4F61-8175-6C98D053221C}.Release|x64.Build.0 = Release|x64
		{E368F0A2-E205-4F61-8175-6C98D053221C}.Release|x86.ActiveCfg = Release|Win32
		{E368F0A2-E205-4F61-8175-6C98D053221C}.Release|x86.Build.0 = Release|Win32
		{CBD724FA-3F73-491C-8F24-E082F8E6F7E9}.Debug|x64.ActiveCfg = Debug|x64
		{CBD724FA-3F73-491C-8F24-E082F8E6F7E9}.Debug|x64.Build.0 = Debug|x64
		{CBD724FA-3F73-491C-8F24-E082F8E6F7E9}.Debug|x86.ActiveCfg = Debug|Win32
		{CBD724FA-3F73-491C-8F24-E082F8E6F7E9}.Debug|x86.Build.0 = Debug|Win32
		{CBD724FA-3F73-491C-8F24-E082F8E6F7E9}.Release|x64.ActiveCfg = Release|x64
		{CBD724FA-3F73-491C-8F24-E082F8E6F7E9}.Release|x64.Build.0 = Release|x64
		{CBD724FA-3F73-491C-8F24-E082F8E6F7E9}.Release|x86.ActiveCfg = Release|Win32
		{CBD724FA-3F73-491C-8F24-E082F8E6F7E9}.Release|x86.Build.0 = Release|Win32
		{81D56AB6-C1C4-4140-B995-CDEE04F21EE2}.Debug|x64.ActiveCfg = Debug|x64
		{81D56AB6-C1C4-4140-B995-CDEE04F21EE2}.Debug|x64.Build.0 = Debug|x64
		{81D56AB6-C1C4-4140-B995-CDEE04F21EE2}.Debug|x86.ActiveCfg = Debug|Win32
		{81D56AB6-C1C4-4140-B995-CDEE04F21EE2}.Debug|x86.Build.0 = Debug|Win32
		{81D56AB6-C1C4-4140-B995-CDEE04F21EE2}.Release|x64.ActiveCfg = Release|x64
		{81D56AB6-C1C4-4140-B995-CDEE04F21EE2}.Release|x64.Build.0 = Release|x64
		{81D56AB6-C1C4-4140-B995-CDEE04F21EE2}.Release|x86.ActiveCfg = Release|Win32
		{81D56AB6-C1C4-4140-B995-CDEE04F21EE2}.Release|x86.Build.0 = Release|Win32
		{40ADF29E-FDD3-4D84-A8EA-85E53D8AFEC5}.Debug|x64.ActiveCfg = Debug|x64
		{40ADF29E-FDD3-4D84-A8EA-85E53D8AFEC5}.Debug|x64.Build.0 = Debug|x64
		{40ADF29E-FDD3-4D84-A8EA-85E53D8AFEC5}.Debug|x86.ActiveCfg = Debug|Win32
		{40ADF29E-FDD3-4D84-A8EA-85E53D8AFEC5}.Debug|x86.Build.0 = Debug|Win32
		{40ADF29E-FDD3-4D84-A8EA-85E53D8AFEC5}.Release|x64.ActiveCfg = Release|x64
		{40ADF29E-FDD3-4D84-A8EA-85E53D8AFEC5}.Release|x64.Build.0 = Release|x64
		{40ADF29E-FDD3-4D84-A8EA-85E53D8AFEC5}.Release|x86.ActiveCfg = Release|Win32
		{40ADF29E-FDD3-4D84-A8EA-85E53D8AFEC5}.Release|x86.Build.0 = Release|Win32
		{817C9BC0-C9D8-4578-A1B9-FC17B001CD95}.Debug|x64.ActiveCfg = Debug|x64
		{817C9BC0-C9D8-4578-A1B9-FC17B001CD95}.Debug|x64.Build.0 = Debug|x64
		{817C9BC0-C9D8-4578-A1B9-FC17B001CD95}.Debug|x86.ActiveCfg = Debug|Win32
		{817C9BC0-C9D8-4578-A1B9-FC17B001CD95}.Debug|x86.Build.0 = Debug|Win32
		{817C9BC0-C9D8-4578-A1B9-FC17B001CD95}.Release|x64.ActiveCfg = Release|x64
		{817C9BC0-C9D8-4578-A1B9-FC17B001CD95}.Release|x64.Build.0 = Release|x64
		{817C9BC0-C9D8-4578-A1B9-FC17B001CD95}.Release|x86.ActiveCfg = Release|Win32
		{817C9BC0-C9D8-4578-A1B9-FC17B001CD95}.Release|x86.Build.0 = Release|Win32
		{3A1660FF-97E1-4704-8AFC-47FF7BF1BB47}.Debug|x64.ActiveCfg = Debug|x64
		{3A1660FF-97E1-4704-8AFC-47FF7BF1BB47}.Debug|x64.Build.0 = Debug|x64
		{3A1660FF-97E1-4704-8AFC-47FF7BF1BB47}.Debug|x86.ActiveCfg = Debug|Win32
		{3A1660FF-97E1-4704-8AFC-47FF7BF1BB47}.Debug|x86.Build.0 = Debug|Win32
		{3A1660FF-97E1-4704-8AFC-47FF7BF1BB47}.Release|x64.ActiveCfg = Release|x64
		{3A1660FF-97E1-4704-8AFC-47FF7BF1BB47}.Release|x64.Build.0 = Release|x64
		{3A1660FF-97E1-4704-8AFC-47FF7BF1BB47}.Release|x86.ActiveCfg = Release|Win32
		{3A1660FF-97E1-4704-8AFC-47FF7BF1BB47}.Release|x86.Build.0 = Release|Win32
		{8BF1C946-7294-47F4-ADD1-5C00C9AF5B6A}.Debug|x64.ActiveCfg = Debug|x64
		{8BF1C946-7294-47F4-ADD1-5C00C9AF5B6A}.Debug|x64.Build.0 = Debug|x64
		{8BF1C946-7294-47F4-ADD1-5C00C9AF5B6A}.Debug|x86.ActiveCfg = Debug|Win32
		{8BF1C946-7294-47F4-ADD1-5C00C9AF5B6A}.Debug|x86.Build.0 = Debug|Win32
		{8BF1C946-7294-47F4-ADD1-5C00C9AF5B6A}.Release|x64.ActiveCfg = Release|x64
		{8BF1C946-7294-47F4-ADD1-5C00C9AF5B6A}.Release|x64.Build.0 = Release|x64
		{8BF1C946-7294-47F4-ADD1-5C00C9AF5B6A}.Release|x86.ActiveCfg = Release|Win32
		{8BF1C946-7294-47F4-ADD1-5C00C9AF5B6A}.Release|x86.Build.0 = Release|Win32
		{65A573D1-F4F1-4F4E-84A3-B63B571C7CAB}.Debug|x64.ActiveCfg = Debug|x64
		{65A573D1-F4F1-4F4E-84A3-B63B571C7CAB}.Debug|x64.Build.0 = Debug|x64
		{65A573D1-F4F1-4F4E-84A3-B63B571C7CAB}.Debug|x86.ActiveCfg = Debug|Win32
		{65A573D1-F4F1-4F4E-84A3-B63B571C7CAB}.Debug|x86.Build.0 = Debug|Win32
		{65A573D1-F4F1-4F4E-84A3-B63B571C7CAB}.Release|x64.ActiveCfg = Release|x64
		{65A573D1-F4F1-4F4E-84A3-B63B571C7CAB}.Release|x64.Build.0 = Release|x64
		{65A573D1-F4F1-4F4E-84A3-B63B571C7CAB}.Release|x86.ActiveCfg = Release|Win32
		{65A573D1-F4F1-4F4E-84A3-B63B571C7CAB}.Release|x86.Build.0 = Release|Win32
		{46D16863-BF3C-45E1-8E7D-0B915DFD3A65}.Debug|x64.ActiveCfg = Debug|x64
		{46D16863-BF3C-45E1-8E7D-0B915DFD3A65}.Debug|x64.Build.0 = Debug|x64
		{46D16863-BF3C-45E1-8E7D-0B915DFD3A65}.Debug|x86.ActiveCfg = Debug|Win32
		{46D16863-BF3C-45E1-8E7D-0B915DFD3A65}.Debug|x86.Build.0 = Debug|Win32
		{46D16863-BF3C-45E1-8E7D-0B915DFD3A65}.Release|x64.ActiveCfg = Release|x64
		{46D16863-BF3C-45E1-8E7D-0B915DFD3A65}.Release|x64.Build.0 = Release|x64
		{46D16863-BF3C-45E1-8E7D-0B915DFD3A65}.Release|x86.ActiveCfg = Release|Win32
		{46D16863-BF3C-45E1-8E7D-0B915DFD3A65}.Release|x86.Build.0 = Release|Win32
		{4D65139C-7824-45C7-992D-CADF723E4FF2}.Debug|x64.ActiveCfg = Debug|x64
		{4D65139C-7824-45C7-992D-CADF723E4FF2}.Debug|x64.Build.0 = Debug|x64
		{4D65139C-7824-45C7-992D-CADF723E4FF2}.Debug|x86.ActiveCfg = Debug|Win32
		{4D65139C-7824-45C7-992D-CADF723E4FF2}.Debug|x86.Build.0 = Debug|Win32
		{4D65139C-7824-45C7-992D-CADF723E4FF2}.Release|x64.ActiveCfg = Release|x64
		{4D65139C-7824-45C7-992D-CADF723E4FF2}.Release|x64.Build.0 = Release|x64
		{4D65139C-7824-45C7-992D-CADF723E4FF2}.Release|x86.ActiveCfg = Release|Win32
		{4D65139C-7824-45C7-992D-CADF723E4FF2}.Release|x86.Build.0 = Release|Win32
		{7CDD8D22-BF56-42BD-B74A-AA1B2CF8EC7E}.Debug|x64.ActiveCfg = Debug|x64
		{7CDD8D22-BF56-42BD-B74A-AA1B2CF8EC7E}.Debug|x64.Build.0 = Debug|x64
		{7CDD8D22-BF56-42BD-B74A-AA1B2CF8EC7E}.Debug|x86.ActiveCfg = Debug|Win32
		{7CDD8D22-BF56-42BD-B74A-AA1B2CF8EC7E}.Debug|x86.Build.0 = Debug|Win32
		{7CDD8D22-BF56-42BD-B74A-AA1B2CF8EC7E}.Release|x64.ActiveCfg = Release|x64
		{7CDD8D22-BF56-42BD-B74A-AA1B2CF8EC7E}.Release|x64.Build.0 = Release|x64
		{7CDD8D22-BF56-42BD-B74A-AA1B2CF8EC7E}.Release|x86.ActiveCfg = Release|Win32
		{7CDD8D22-BF56-42BD-B74A-AA1B2CF8EC7E}.Release|x86.Build.0 = Release|Win32
	EndGlobalSection
	GlobalSection(SolutionProperties) = preSolution
		HideSolutionNode = FALSE
	EndGlobalSection
	GlobalSection(NestedProjects) = preSolution
		{E368F0A2-E205-4F61-8175-6C98D053221C} = {61BEA8A3-A5DB-4209-BB8A-E6D83E74465B}
		{CBD724FA-3F73-491C-8F24-E082F8E6F7E9} = {53B7FB6C-7CB4-4DE5-B237-C6CFBE1F4F54}
		{81D56AB6-C1C4-4140-B995-CDEE04F21EE2} = {53B7FB6C-7CB4-4DE5-B237-C6CFBE1F4F54}
		{40ADF29E-FDD3-4D84-A8EA-85E53D8AFEC5} = {53B7FB6C-7CB4-4DE5-B237-C6CFBE1F4F54}
		{817C9BC0-C9D8-4578-A1B9-FC17B001CD95} = {53B7FB6C-7CB4-4DE5-B237-C6CFBE1F4F54}
		{3A1660FF-97E1-4704-8AFC-47FF7BF1BB47} = {53B7FB6C-7CB4-4DE5-B237-C6CFBE1F4F54}
		{8BF1C946-7294-47F4-ADD1-5C00C9AF5B6A} = {61BEA8A3-A5DB-4209-BB8A-E6D83E74465B}
		{65A573D1-F4F1-4F4E-84A3-B63B571C7CAB} = {53B7FB6C-7CB4-4DE5-B237-C6CFBE1F4F54}
		{46D16863-BF3C-45E1-8E7D-0B915DFD3A65} = {53B7FB6C-7CB4-4DE5-B237-C6CFBE1F4F54}
		{4D65139C-7824-45C7-992D-CADF723E4FF2} = {56C900C6-FCC9-4951-A5F4-9F33E265F471}
		{7CDD8D22-BF56-42BD-B74A-AA1B2CF8EC7E} = {53B7FB6C-7CB4-4DE5-B237-C6CFBE1F4F54}
	EndGlobalSection
	GlobalSection(ExtensibilityGlobals) = postSolution
		SolutionGuid = {C2D7631B-EB92-4C64-8A12-281A4B7E5DCC}
	EndGlobalSection
EndGlobal
