
Microsoft Visual Studio Solution File, Format Version 12.00
# Visual Studio Version 16
VisualStudioVersion = 16.0.33328.57
MinimumVisualStudioVersion = 10.0.40219.1
Project("{8BC9CEB8-8B4A-11D0-8D11-00A0C91BC942}") = "W_GradeSystem", "temp.vcxproj", "{E368F0A2-E205-4F61-8175-6C98D053221C}"
EndProject
Project("{2150E333-8FDC-42A3-9474-1A3956D46DE8}") = "Test_Code", "Test_Code", "{53B7FB6C-7CB4-4DE5-B237-C6CFBE1F4F54}"
EndProject
Project("{8BC9CEB8-8B4A-11D0-8D11-00A0C91BC942}") = "0619_test", "Test_Code\0619\0619_test\0619_test.vcxproj", "{CBD724FA-3F73-491C-8F24-E082F8E6F7E9}"
EndProject
Global
	GlobalSection(SolutionConfigurationPlatforms) = preSolution
		Debug|x64 = Debug|x64
		Debug|x86 = Debug|x86
		Release|x64 = Release|x64
		Release|x86 = Release|x86
	EndGlobalSection
	GlobalSection(ProjectConfigurationPlatforms) = postSolution
		{E368F0A2-E205-4F61-8175-6C98D053221C}.Debug|x64.ActiveCfg = Debug|x64
		{E368F0A2-E205-4F61-8175-6C98D053221C}.Debug|x64.Build.0 = Debug|x64
		{E368F0A2-E205-4F61-8175-6C98D053221C}.Debug|x86.ActiveCfg = Debug|Win32
		{E368F0A2-E205-4F61-8175-6C98D053221C}.Debug|x86.Build.0 = Debug|Win32
		{E368F0A2-E205-4F61-8175-6C98D053221C}.Release|x64.ActiveCfg = Release|x64
		{E368F0A2-E205-4F61-8175-6C98D053221C}.Release|x64.Build.0 = Release|x64
		{E368F0A2-E205-4F61-8175-6C98D053221C}.Release|x86.ActiveCfg = Release|Win32
		{E368F0A2-E205-4F61-8175-6C98D053221C}.Release|x86.Build.0 = Release|Win32
		{CBD724FA-3F73-491C-8F24-E082F8E6F7E9}.Debug|x64.ActiveCfg = Debug|x64
		{CBD724FA-3F73-491C-8F24-E082F8E6F7E9}.Debug|x64.Build.0 = Debug|x64
		{CBD724FA-3F73-491C-8F24-E082F8E6F7E9}.Debug|x86.ActiveCfg = Debug|Win32
		{CBD724FA-3F73-491C-8F24-E082F8E6F7E9}.Debug|x86.Build.0 = Debug|Win32
		{CBD724FA-3F73-491C-8F24-E082F8E6F7E9}.Release|x64.ActiveCfg = Release|x64
		{CBD724FA-3F73-491C-8F24-E082F8E6F7E9}.Release|x64.Build.0 = Release|x64
		{CBD724FA-3F73-491C-8F24-E082F8E6F7E9}.Release|x86.ActiveCfg = Release|Win32
		{CBD724FA-3F73-491C-8F24-E082F8E6F7E9}.Release|x86.Build.0 = Release|Win32
	EndGlobalSection
	GlobalSection(SolutionProperties) = preSolution
		HideSolutionNode = FALSE
	EndGlobalSection
	GlobalSection(NestedProjects) = preSolution
		{CBD724FA-3F73-491C-8F24-E082F8E6F7E9} = {53B7FB6C-7CB4-4DE5-B237-C6CFBE1F4F54}
	EndGlobalSection
	GlobalSection(ExtensibilityGlobals) = postSolution
		SolutionGuid = {C2D7631B-EB92-4C64-8A12-281A4B7E5DCC}
	EndGlobalSection
EndGlobal
