<?xml version="1.0" encoding="utf-8"?>
<Project ToolsVersion="4.0" xmlns="http://schemas.microsoft.com/developer/msbuild/2003">
  <ItemGroup>
    <ClCompile Include="Main.cpp" />
    <ClCompile Include="script\gradeList\GradeList.cpp">
      <Filter>Script\GradeList</Filter>
    </ClCompile>
    <ClCompile Include="script\gradeSystem\GradeSystem.cpp">
      <Filter>Script\GradeSystem</Filter>
    </ClCompile>
    <ClCompile Include="script\systemState\SystemState.cpp">
      <Filter>Script\SystemState</Filter>
    </ClCompile>
  </ItemGroup>
  <ItemGroup>
    <Filter Include="Script">
      <UniqueIdentifier>{c4379d30-63ec-4e9d-9748-03552a0560af}</UniqueIdentifier>
    </Filter>
    <Filter Include="Script\GradeList">
      <UniqueIdentifier>{200884b1-73e6-413a-b2b7-13ea3fcbb1c0}</UniqueIdentifier>
    </Filter>
    <Filter Include="Script\SystemState">
      <UniqueIdentifier>{225a4220-e953-49a5-b314-0e4063fbdd22}</UniqueIdentifier>
    </Filter>
    <Filter Include="Script\GradeSystem">
      <UniqueIdentifier>{2844c7dd-770d-4836-aa0c-6f3197363a2f}</UniqueIdentifier>
    </Filter>
  </ItemGroup>
  <ItemGroup>
    <ClInclude Include="script\gradeList\GradeList.h">
      <Filter>Script\GradeList</Filter>
    </ClInclude>
    <ClInclude Include="script\gradeSystem\GradeSystem.h">
      <Filter>Script\GradeSystem</Filter>
    </ClInclude>
    <ClInclude Include="script\systemState\SystemState.h">
      <Filter>Script\SystemState</Filter>
    </ClInclude>
  </ItemGroup>
</Project>