<?xml version="1.0" encoding="utf-8"?>
<Project ToolsVersion="4.0" xmlns="http://schemas.microsoft.com/developer/msbuild/2003">
  <ItemGroup>
    <ClCompile Include="Main.cpp" />
    <ClCompile Include="GradeList.cpp">
      <Filter>Cpp</Filter>
    </ClCompile>
    <ClCompile Include="GradeSystem.cpp">
      <Filter>Cpp</Filter>
    </ClCompile>
    <ClCompile Include="SystemState.cpp">
      <Filter>Cpp</Filter>
    </ClCompile>
  </ItemGroup>
  <ItemGroup>
    <ClInclude Include="GradeList.h">
      <Filter>Header</Filter>
    </ClInclude>
    <ClInclude Include="GradeSystem.h">
      <Filter>Header</Filter>
    </ClInclude>
    <ClInclude Include="SystemState.h">
      <Filter>Header</Filter>
    </ClInclude>
  </ItemGroup>
  <ItemGroup>
    <Filter Include="Header">
      <UniqueIdentifier>{5743cee1-52f3-43fa-ae24-7ca577d17364}</UniqueIdentifier>
    </Filter>
    <Filter Include="Cpp">
      <UniqueIdentifier>{38c03d83-7ab6-4b15-a8ae-8310e83a2c81}</UniqueIdentifier>
    </Filter>
  </ItemGroup>
</Project>